{
  "version": 4,
  "terraform_version": "0.12.23",
  "serial": 21,
  "lineage": "b8ef84df-a317-651d-3826-9a104cc6ec46",
  "outputs": {
    "this_redshift_cluster_endpoint": {
      "value": "metrics.c08jxz0ldxbc.us-east-2.redshift.amazonaws.com:5439",
      "type": "string"
    },
    "this_redshift_cluster_hostname": {
      "value": "metrics.c08jxz0ldxbc.us-east-2.redshift.amazonaws.com",
      "type": "string"
    },
    "this_redshift_cluster_id": {
      "value": "metrics",
      "type": "string"
    },
    "this_redshift_cluster_port": {
      "value": 5439,
      "type": "number"
    }
  },
  "resources": [
    {
      "module": "module.redshift_metrics",
      "mode": "managed",
      "type": "aws_redshift_cluster",
      "name": "this",
      "provider": "provider.aws",
      "instances": [
        {
          "schema_version": 0,
          "attributes": {
            "allow_version_upgrade": true,
            "arn": "arn:aws:redshift:us-east-2:458878680366:cluster:metrics",
            "automated_snapshot_retention_period": 0,
            "availability_zone": "us-east-2c",
            "bucket_name": null,
            "cluster_identifier": "metrics",
            "cluster_parameter_group_name": "metrics-redshift-1-0-custom-params",
            "cluster_public_key": "ssh-rsa AAAAB3NzaC1yc2EAAAADAQABAAABAQCPOuZ3anhNcTTKS6n9sU+69FvnC6+6C83p/YFw/b8S8Cjr7lymqTutbBNsdjBz5Un4D590BmZ82wQ4N/xeWB9c/CCsGu9DYDBaj0wkgNHd86ZSWj7Yo1DtbYLN1dvoxiOdd9ah3859f4xIcaYeGEZU4UF8s/1hLmOQnDZ9t/CZR0H0be5lVKFuwBx3XUGCYYLDC3kdDSn0N4cOE8LEBTO06uSTGfnvE5tFgvcgJ8xRgkHdy1vLqgO01Xeiw3Ee0L7jjjKv8CQXqg29SlnZg/TJAnNIUTXncNKFzsXvSobNgvk4/AeG82b487QAdADXD9MJr4wOAL4hbYcIG37ZdajP Amazon-Redshift\n",
            "cluster_revision_number": "13751",
            "cluster_security_groups": [],
            "cluster_subnet_group_name": "metrics",
            "cluster_type": "single-node",
            "cluster_version": "1.0",
            "database_name": "metrics",
            "dns_name": "metrics.c08jxz0ldxbc.us-east-2.redshift.amazonaws.com",
            "elastic_ip": null,
            "enable_logging": null,
            "encrypted": false,
            "endpoint": "metrics.c08jxz0ldxbc.us-east-2.redshift.amazonaws.com:5439",
            "enhanced_vpc_routing": false,
            "final_snapshot_identifier": "false",
            "iam_roles": [],
            "id": "metrics",
            "kms_key_id": "",
            "logging": [
              {
                "bucket_name": "",
                "enable": false,
                "s3_key_prefix": ""
              }
            ],
            "master_password": "Passw0rd",
            "master_username": "ssu2020",
            "node_type": "dc1.large",
            "number_of_nodes": 1,
            "owner_account": null,
            "port": 5439,
            "preferred_maintenance_window": "sat:10:00-sat:10:30",
            "publicly_accessible": false,
            "s3_key_prefix": null,
            "skip_final_snapshot": true,
            "snapshot_cluster_identifier": null,
            "snapshot_copy": [],
            "snapshot_identifier": null,
            "tags": null,
            "timeouts": null,
            "vpc_security_group_ids": [
              "sg-5d707a33"
            ]
          },
          "private": "eyJlMmJmYjczMC1lY2FhLTExZTYtOGY4OC0zNDM2M2JjN2M0YzAiOnsiY3JlYXRlIjo0NTAwMDAwMDAwMDAwLCJkZWxldGUiOjI0MDAwMDAwMDAwMDAsInVwZGF0ZSI6MjQwMDAwMDAwMDAwMH19",
          "dependencies": [
            "module.redshift_metrics.aws_redshift_parameter_group.this",
            "module.redshift_metrics.aws_redshift_subnet_group.this"
          ]
        }
      ]
    },
    {
      "module": "module.redshift_metrics",
      "mode": "managed",
      "type": "aws_redshift_parameter_group",
      "name": "this",
      "each": "list",
      "provider": "provider.aws",
      "instances": [
        {
          "index_key": 0,
          "schema_version": 0,
          "attributes": {
            "arn": "arn:aws:redshift:us-east-2:458878680366:parametergroup:metrics-redshift-1-0-custom-params",
            "description": "Managed by Terraform",
            "family": "redshift-1.0",
            "id": "metrics-redshift-1-0-custom-params",
            "name": "metrics-redshift-1-0-custom-params",
            "parameter": [
              {
                "name": "enable_user_activity_logging",
                "value": "false"
              },
              {
                "name": "require_ssl",
                "value": "false"
              },
              {
                "name": "use_fips_ssl",
                "value": "false"
              },
              {
                "name": "wlm_json_configuration",
                "value": "[{\"query_concurrency\": 5}]"
              }
            ],
            "tags": null
          },
          "private": "bnVsbA=="
        }
      ]
    },
    {
      "module": "module.redshift_metrics",
      "mode": "managed",
      "type": "aws_redshift_subnet_group",
      "name": "this",
      "each": "list",
      "provider": "provider.aws",
      "instances": [
        {
          "index_key": 0,
          "schema_version": 0,
          "attributes": {
            "arn": "arn:aws:redshift:us-east-2:458878680366:subnetgroup:metrics",
            "description": "Redshift subnet group of metrics",
            "id": "metrics",
            "name": "metrics",
            "subnet_ids": [
              "subnet-08363260",
              "subnet-3582f04f",
              "subnet-f2cd68be"
            ],
            "tags": null
          },
          "private": "bnVsbA=="
        }
      ]
    },
    {
      "module": "module.data_and_other",
      "mode": "managed",
      "type": "aws_s3_bucket",
      "name": "default",
      "each": "list",
      "provider": "provider.aws",
      "instances": [
        {
          "index_key": 0,
          "schema_version": 0,
          "attributes": {
            "acceleration_status": "",
            "acl": "log-delivery-write",
            "arn": "arn:aws:s3:::prod-data-and-other",
            "bucket": "prod-data-and-other",
            "bucket_domain_name": "prod-data-and-other.s3.amazonaws.com",
            "bucket_prefix": null,
            "bucket_regional_domain_name": "prod-data-and-other.s3.us-east-2.amazonaws.com",
            "cors_rule": [],
            "force_destroy": true,
            "grant": [],
            "hosted_zone_id": "Z2O1EMRO9K5GLX",
            "id": "prod-data-and-other",
            "lifecycle_rule": [
              {
                "abort_incomplete_multipart_upload_days": 0,
                "enabled": true,
                "expiration": [
                  {
                    "date": "",
                    "days": 90,
                    "expired_object_delete_marker": null
                  }
                ],
                "id": "prod-data-and-other",
                "noncurrent_version_expiration": [
                  {
                    "days": 90
                  }
                ],
                "noncurrent_version_transition": [],
                "prefix": "",
                "tags": null,
                "transition": [
                  {
                    "date": "",
                    "days": 30,
                    "storage_class": "STANDARD_IA"
                  }
                ]
              }
            ],
            "logging": [],
            "object_lock_configuration": [],
            "policy": "",
            "region": "us-east-2",
            "replication_configuration": [],
            "request_payer": "BucketOwner",
            "server_side_encryption_configuration": [
              {
                "rule": [
                  {
                    "apply_server_side_encryption_by_default": [
                      {
                        "kms_master_key_id": "",
                        "sse_algorithm": "AES256"
                      }
                    ]
                  }
                ]
              }
            ],
            "tags": {
              "Name": "prod-data-and-other",
              "Stage": "prod"
            },
            "versioning": [
              {
                "enabled": false,
                "mfa_delete": false
              }
            ],
            "website": [],
            "website_domain": null,
            "website_endpoint": null
          },
          "private": "bnVsbA=="
        }
      ]
    }
  ]
}
